
Microsoft Visual Studio Solution File, Format Version 11.00
# Visual Studio 2010
Project("{FAE04EC0-301F-11D3-BF4B-00C04F79EFBC}") = "MovieLens", "MovieLens\MovieLens.csproj", "{03A5B311-C2CD-4541-BAA5-5B0F5C067AE7}"
EndProject
Global
	GlobalSection(SolutionConfigurationPlatforms) = preSolution
		Debug|Any CPU = Debug|Any CPU
		Release|Any CPU = Release|Any CPU
	EndGlobalSection
	GlobalSection(ProjectConfigurationPlatforms) = postSolution
		{03A5B311-C2CD-4541-BAA5-5B0F5C067AE7}.Debug|Any CPU.ActiveCfg = Debug|Any CPU
		{03A5B311-C2CD-4541-BAA5-5B0F5C067AE7}.Debug|Any CPU.Build.0 = Debug|Any CPU
		{03A5B311-C2CD-4541-BAA5-5B0F5C067AE7}.Release|Any CPU.ActiveCfg = Release|Any CPU
		{03A5B311-C2CD-4541-BAA5-5B0F5C067AE7}.Release|Any CPU.Build.0 = Release|Any CPU
	EndGlobalSection
	GlobalSection(SolutionProperties) = preSolution
		HideSolutionNode = FALSE
	EndGlobalSection
EndGlobal
